
Microsoft Visual Studio Solution File, Format Version 12.00
# Visual Studio Version 17
VisualStudioVersion = 17.4.33213.308
MinimumVisualStudioVersion = 10.0.40219.1
Project("{FAE04EC0-301F-11D3-BF4B-00C04F79EFBC}") = "MyTechnic_Case.Web", "MyTechnic_Case.Web\MyTechnic_Case.Web.csproj", "{6CF3AC4B-E5D5-4353-B112-2EDB2D1B5521}"
EndProject
Project("{FAE04EC0-301F-11D3-BF4B-00C04F79EFBC}") = "MyTechnic_Case.Core", "MyTechnic_Case.Core\MyTechnic_Case.Core.csproj", "{C8617701-99EC-4CB5-B3E5-2DD0AB2BB07B}"
EndProject
Project("{FAE04EC0-301F-11D3-BF4B-00C04F79EFBC}") = "MyTechnic_Case.DataAcess", "MyTechnic_Case.DataAcess\MyTechnic_Case.DataAcess.csproj", "{68388CC7-2278-4BE3-80D7-28C7BC98C3EC}"
EndProject
Project("{FAE04EC0-301F-11D3-BF4B-00C04F79EFBC}") = "MyTechnic_Case.Business", "MyTechnic_Case.Business\MyTechnic_Case.Business.csproj", "{C070D34B-C37C-43E3-B01A-31A02FD172ED}"
EndProject
Global
	GlobalSection(SolutionConfigurationPlatforms) = preSolution
		Debug|Any CPU = Debug|Any CPU
		Release|Any CPU = Release|Any CPU
	EndGlobalSection
	GlobalSection(ProjectConfigurationPlatforms) = postSolution
		{6CF3AC4B-E5D5-4353-B112-2EDB2D1B5521}.Debug|Any CPU.ActiveCfg = Debug|Any CPU
		{6CF3AC4B-E5D5-4353-B112-2EDB2D1B5521}.Debug|Any CPU.Build.0 = Debug|Any CPU
		{6CF3AC4B-E5D5-4353-B112-2EDB2D1B5521}.Release|Any CPU.ActiveCfg = Release|Any CPU
		{6CF3AC4B-E5D5-4353-B112-2EDB2D1B5521}.Release|Any CPU.Build.0 = Release|Any CPU
		{C8617701-99EC-4CB5-B3E5-2DD0AB2BB07B}.Debug|Any CPU.ActiveCfg = Debug|Any CPU
		{C8617701-99EC-4CB5-B3E5-2DD0AB2BB07B}.Debug|Any CPU.Build.0 = Debug|Any CPU
		{C8617701-99EC-4CB5-B3E5-2DD0AB2BB07B}.Release|Any CPU.ActiveCfg = Release|Any CPU
		{C8617701-99EC-4CB5-B3E5-2DD0AB2BB07B}.Release|Any CPU.Build.0 = Release|Any CPU
		{68388CC7-2278-4BE3-80D7-28C7BC98C3EC}.Debug|Any CPU.ActiveCfg = Debug|Any CPU
		{68388CC7-2278-4BE3-80D7-28C7BC98C3EC}.Debug|Any CPU.Build.0 = Debug|Any CPU
		{68388CC7-2278-4BE3-80D7-28C7BC98C3EC}.Release|Any CPU.ActiveCfg = Release|Any CPU
		{68388CC7-2278-4BE3-80D7-28C7BC98C3EC}.Release|Any CPU.Build.0 = Release|Any CPU
		{C070D34B-C37C-43E3-B01A-31A02FD172ED}.Debug|Any CPU.ActiveCfg = Debug|Any CPU
		{C070D34B-C37C-43E3-B01A-31A02FD172ED}.Debug|Any CPU.Build.0 = Debug|Any CPU
		{C070D34B-C37C-43E3-B01A-31A02FD172ED}.Release|Any CPU.ActiveCfg = Release|Any CPU
		{C070D34B-C37C-43E3-B01A-31A02FD172ED}.Release|Any CPU.Build.0 = Release|Any CPU
	EndGlobalSection
	GlobalSection(SolutionProperties) = preSolution
		HideSolutionNode = FALSE
	EndGlobalSection
	GlobalSection(ExtensibilityGlobals) = postSolution
		SolutionGuid = {086FEED8-E9B0-4DEB-8896-8226ED8AC3EC}
	EndGlobalSection
EndGlobal
